<?xml version="1.0" encoding="UTF-8"?>
<CONFIG>
  <ProjectOptions>
    <Version Value="12"/>
    <PathDelim Value="\"/>
    <General>
      <Flags>
        <MainUnitHasCreateFormStatements Value="False"/>
        <MainUnitHasTitleStatement Value="False"/>
        <MainUnitHasScaledStatement Value="False"/>
        <CompatibilityMode Value="True"/>
      </Flags>
      <SessionStorage Value="InProjectDir"/>
      <Title Value="apiUiServer"/>
      <UseAppBundle Value="False"/>
      <ResourceType Value="res"/>
    </General>
    <i18n>
      <EnableI18N LFM="False"/>
    </i18n>
    <VersionInfo>
      <UseVersionInfo Value="True"/>
      <MajorVersionNr Value="10"/>
      <MinorVersionNr Value="9"/>
      <RevisionNr Value="1"/>
      <BuildNr Value="13327"/>
      <StringTable ProductVersion="10.3.4.110"/>
    </VersionInfo>
    <MacroValues Count="1">
      <Macro1 Name="LCLWidgetType" Value="nogui"/>
    </MacroValues>
    <BuildModes Count="3">
      <Item1 Name="Default" Default="True"/>
      <Item2 Name="Debug">
        <CompilerOptions>
          <Version Value="11"/>
          <PathDelim Value="\"/>
          <Target>
            <Filename Value="apiUiServer"/>
          </Target>
          <SearchPaths>
            <IncludeFiles Value="$(ProjOutDir)"/>
            <OtherUnitFiles Value="..\Xml;..\Xml\json;..\Xml\yaml;..\Xml\IpmScanner;..\Utils;..\Utils\dcpCrypt2;..\Utils\dcpCrypt2\Ciphers;..\Utils\dcpCrypt2\Hashes;..\Utils\a2bStringList;..\Xpress;..\StompInterface;..\StompInterface\Stomp;..\Html;..\ProgressStatus;..\Components\Indy10\Lib\Core;..\Components\Indy10\Lib\Protocols;..\wiremock;..\pegasimul8r;..\wsdlStub;..\..\use\Indy10\Indy10\Core"/>
            <UnitOutputDirectory Value="lib\$(TargetCPU)-$(TargetOS)"/>
          </SearchPaths>
          <Parsing>
            <SyntaxOptions>
              <IncludeAssertionCode Value="True"/>
            </SyntaxOptions>
          </Parsing>
          <CodeGeneration>
            <Checks>
              <IOChecks Value="True"/>
              <RangeChecks Value="True"/>
              <OverflowChecks Value="True"/>
              <StackChecks Value="True"/>
            </Checks>
            <VerifyObjMethodCallValidity Value="True"/>
          </CodeGeneration>
          <Linking>
            <Debugging>
              <DebugInfoType Value="dsDwarf3"/>
              <UseHeaptrc Value="True"/>
              <TrashVariables Value="True"/>
              <UseValgrind Value="True"/>
              <UseExternalDbgSyms Value="True"/>
            </Debugging>
          </Linking>
          <Other>
            <CustomOptions Value="-dConsoleApp
-dUseCThreads
-dNoGUI"/>
            <OtherDefines Count="3">
              <Define0 Value="ConsoleApp"/>
              <Define1 Value="UseCThreads"/>
              <Define2 Value="NoGUI"/>
            </OtherDefines>
          </Other>
        </CompilerOptions>
      </Item2>
      <Item3 Name="Release">
        <CompilerOptions>
          <Version Value="11"/>
          <PathDelim Value="\"/>
          <Target>
            <Filename Value="apiUiServer"/>
          </Target>
          <SearchPaths>
            <IncludeFiles Value="$(ProjOutDir)"/>
            <OtherUnitFiles Value="..\Xml;..\Xml\json;..\Xml\yaml;..\Xml\IpmScanner;..\Utils;..\Utils\dcpCrypt2;..\Utils\dcpCrypt2\Ciphers;..\Utils\dcpCrypt2\Hashes;..\Utils\a2bStringList;..\Xpress;..\StompInterface;..\StompInterface\Stomp;..\Html;..\ProgressStatus;..\Components\Indy10\Lib\Core;..\Components\Indy10\Lib\Protocols;..\wiremock;..\pegasimul8r;..\wsdlStub;..\..\use\Indy10\Indy10\Core"/>
            <UnitOutputDirectory Value="lib\$(TargetCPU)-$(TargetOS)"/>
          </SearchPaths>
          <CodeGeneration>
            <SmartLinkUnit Value="True"/>
            <Optimizations>
              <OptimizationLevel Value="3"/>
            </Optimizations>
          </CodeGeneration>
          <Linking>
            <Debugging>
              <GenerateDebugInfo Value="False"/>
              <RunWithoutDebug Value="True"/>
              <UseValgrind Value="True"/>
            </Debugging>
            <LinkSmart Value="True"/>
          </Linking>
          <Other>
            <CustomOptions Value="-dConsoleApp
-dUseCThreads
-dNoGUI"/>
            <OtherDefines Count="3">
              <Define0 Value="ConsoleApp"/>
              <Define1 Value="UseCThreads"/>
              <Define2 Value="NoGUI"/>
            </OtherDefines>
          </Other>
        </CompilerOptions>
      </Item3>
      <SharedMatrixOptions Count="1">
        <Item1 ID="532550654958" Modes="Default" Type="IDEMacro" MacroName="LCLWidgetType" Value="nogui"/>
      </SharedMatrixOptions>
    </BuildModes>
    <PublishOptions>
      <Version Value="2"/>
    </PublishOptions>
    <RunParams>
      <FormatVersion Value="2"/>
      <Modes Count="1">
        <Mode0 Name="default"/>
      </Modes>
    </RunParams>
    <RequiredPackages Count="3">
      <Item1>
        <PackageName Value="TurboPowerIPro"/>
      </Item1>
      <Item2>
        <PackageName Value="indylaz"/>
      </Item2>
      <Item3>
        <PackageName Value="LazUtils"/>
      </Item3>
    </RequiredPackages>
    <Units Count="6">
      <Unit0>
        <Filename Value="apiUiServer.lpr"/>
        <IsPartOfProject Value="True"/>
      </Unit0>
      <Unit1>
        <Filename Value="..\Xml\Xmlz.pas"/>
        <IsPartOfProject Value="True"/>
      </Unit1>
      <Unit2>
        <Filename Value="..\Html\htmlxmlutilz.pas"/>
        <IsPartOfProject Value="True"/>
        <UnitName Value="htmlXmlUtilz"/>
      </Unit2>
      <Unit3>
        <Filename Value="..\ProgressStatus\progressinterface.pas"/>
        <IsPartOfProject Value="True"/>
        <UnitName Value="ProgressInterface"/>
      </Unit3>
      <Unit4>
        <Filename Value="..\wsdlStub\WsdlProjectz.pas"/>
        <IsPartOfProject Value="True"/>
      </Unit4>
      <Unit5>
        <Filename Value="..\..\use\Indy10\Indy10\Core\IdSync.pas"/>
        <IsPartOfProject Value="True"/>
      </Unit5>
    </Units>
  </ProjectOptions>
  <CompilerOptions>
    <Version Value="11"/>
    <PathDelim Value="\"/>
    <Target>
      <Filename Value="apiUiServer"/>
    </Target>
    <SearchPaths>
      <IncludeFiles Value="$(ProjOutDir)"/>
      <OtherUnitFiles Value="..\Xml;..\Xml\json;..\Xml\yaml;..\Xml\IpmScanner;..\Utils;..\Utils\dcpCrypt2;..\Utils\dcpCrypt2\Ciphers;..\Utils\dcpCrypt2\Hashes;..\Utils\a2bStringList;..\Xpress;..\StompInterface;..\StompInterface\Stomp;..\Html;..\ProgressStatus;..\Components\Indy10\Lib\Core;..\Components\Indy10\Lib\Protocols;..\wiremock;..\pegasimul8r;..\wsdlStub;..\..\use\Indy10\Indy10\Core"/>
      <UnitOutputDirectory Value="lib\$(TargetCPU)-$(TargetOS)"/>
    </SearchPaths>
    <Linking>
      <Debugging>
        <GenerateDebugInfo Value="False"/>
        <UseValgrind Value="True"/>
      </Debugging>
    </Linking>
    <Other>
      <CustomOptions Value="-dConsoleApp
-dUseCThreads
-dNoGUI"/>
      <OtherDefines Count="3">
        <Define0 Value="ConsoleApp"/>
        <Define1 Value="UseCThreads"/>
        <Define2 Value="NoGUI"/>
      </OtherDefines>
    </Other>
  </CompilerOptions>
  <Debugging>
    <Exceptions Count="9">
      <Item1>
        <Name Value="EAbort"/>
      </Item1>
      <Item2>
        <Name Value="ECodetoolError"/>
      </Item2>
      <Item3>
        <Name Value="EFOpenError"/>
      </Item3>
      <Item4>
        <Name Value="EIdSocketError"/>
      </Item4>
      <Item5>
        <Name Value="Exception"/>
      </Item5>
      <Item6>
        <Name Value="EIdCouldNotBindSocket"/>
      </Item6>
      <Item7>
        <Name Value="EIdConnClosedGracefully"/>
      </Item7>
      <Item8>
        <Name Value="EConvertError"/>
      </Item8>
      <Item9>
        <Name Value="EStomp"/>
      </Item9>
    </Exceptions>
  </Debugging>
</CONFIG>
